
Microsoft Visual Studio Solution File, Format Version 12.00
# Visual Studio 15
VisualStudioVersion = 15.0.28307.705
MinimumVisualStudioVersion = 10.0.40219.1
Project("{8BC9CEB8-8B4A-11D0-8D11-00A0C91BC942}") = "LUINT", "LUINT\LUINT.vcxproj", "{21B17EC1-CEFD-4AC1-BAF7-E1B84C9DC666}"
EndProject
Project("{8BC9CEB8-8B4A-11D0-8D11-00A0C91BC942}") = "glad", "glad\glad.vcxproj", "{F065C516-3945-459B-A090-9EF9FAEAFC21}"
EndProject
Project("{8BC9CEB8-8B4A-11D0-8D11-00A0C91BC942}") = "imgui", "imgui\imgui.vcxproj", "{E1032DF6-48E3-4CD4-BA1F-96D0EB0089F1}"
EndProject
Project("{8BC9CEB8-8B4A-11D0-8D11-00A0C91BC942}") = "sol2", "sol2\sol2.vcxproj", "{A9763418-73F7-41E1-B3C4-8000690D2AB4}"
EndProject
Global
	GlobalSection(SolutionConfigurationPlatforms) = preSolution
		Debug|x64 = Debug|x64
		Debug|x86 = Debug|x86
		Release|x64 = Release|x64
		Release|x86 = Release|x86
	EndGlobalSection
	GlobalSection(ProjectConfigurationPlatforms) = postSolution
		{21B17EC1-CEFD-4AC1-BAF7-E1B84C9DC666}.Debug|x64.ActiveCfg = Debug|x64
		{21B17EC1-CEFD-4AC1-BAF7-E1B84C9DC666}.Debug|x64.Build.0 = Debug|x64
		{21B17EC1-CEFD-4AC1-BAF7-E1B84C9DC666}.Debug|x86.ActiveCfg = Debug|Win32
		{21B17EC1-CEFD-4AC1-BAF7-E1B84C9DC666}.Debug|x86.Build.0 = Debug|Win32
		{21B17EC1-CEFD-4AC1-BAF7-E1B84C9DC666}.Release|x64.ActiveCfg = Release|x64
		{21B17EC1-CEFD-4AC1-BAF7-E1B84C9DC666}.Release|x64.Build.0 = Release|x64
		{21B17EC1-CEFD-4AC1-BAF7-E1B84C9DC666}.Release|x86.ActiveCfg = Release|Win32
		{21B17EC1-CEFD-4AC1-BAF7-E1B84C9DC666}.Release|x86.Build.0 = Release|Win32
		{F065C516-3945-459B-A090-9EF9FAEAFC21}.Debug|x64.ActiveCfg = Debug|x64
		{F065C516-3945-459B-A090-9EF9FAEAFC21}.Debug|x64.Build.0 = Debug|x64
		{F065C516-3945-459B-A090-9EF9FAEAFC21}.Debug|x86.ActiveCfg = Debug|Win32
		{F065C516-3945-459B-A090-9EF9FAEAFC21}.Debug|x86.Build.0 = Debug|Win32
		{F065C516-3945-459B-A090-9EF9FAEAFC21}.Release|x64.ActiveCfg = Release|x64
		{F065C516-3945-459B-A090-9EF9FAEAFC21}.Release|x64.Build.0 = Release|x64
		{F065C516-3945-459B-A090-9EF9FAEAFC21}.Release|x86.ActiveCfg = Release|Win32
		{F065C516-3945-459B-A090-9EF9FAEAFC21}.Release|x86.Build.0 = Release|Win32
		{E1032DF6-48E3-4CD4-BA1F-96D0EB0089F1}.Debug|x64.ActiveCfg = Debug|x64
		{E1032DF6-48E3-4CD4-BA1F-96D0EB0089F1}.Debug|x64.Build.0 = Debug|x64
		{E1032DF6-48E3-4CD4-BA1F-96D0EB0089F1}.Debug|x86.ActiveCfg = Debug|Win32
		{E1032DF6-48E3-4CD4-BA1F-96D0EB0089F1}.Debug|x86.Build.0 = Debug|Win32
		{E1032DF6-48E3-4CD4-BA1F-96D0EB0089F1}.Release|x64.ActiveCfg = Release|x64
		{E1032DF6-48E3-4CD4-BA1F-96D0EB0089F1}.Release|x64.Build.0 = Release|x64
		{E1032DF6-48E3-4CD4-BA1F-96D0EB0089F1}.Release|x86.ActiveCfg = Release|Win32
		{E1032DF6-48E3-4CD4-BA1F-96D0EB0089F1}.Release|x86.Build.0 = Release|Win32
		{A9763418-73F7-41E1-B3C4-8000690D2AB4}.Debug|x64.ActiveCfg = Debug|x64
		{A9763418-73F7-41E1-B3C4-8000690D2AB4}.Debug|x64.Build.0 = Debug|x64
		{A9763418-73F7-41E1-B3C4-8000690D2AB4}.Debug|x86.ActiveCfg = Debug|Win32
		{A9763418-73F7-41E1-B3C4-8000690D2AB4}.Debug|x86.Build.0 = Debug|Win32
		{A9763418-73F7-41E1-B3C4-8000690D2AB4}.Release|x64.ActiveCfg = Release|x64
		{A9763418-73F7-41E1-B3C4-8000690D2AB4}.Release|x64.Build.0 = Release|x64
		{A9763418-73F7-41E1-B3C4-8000690D2AB4}.Release|x86.ActiveCfg = Release|Win32
		{A9763418-73F7-41E1-B3C4-8000690D2AB4}.Release|x86.Build.0 = Release|Win32
	EndGlobalSection
	GlobalSection(SolutionProperties) = preSolution
		HideSolutionNode = FALSE
	EndGlobalSection
	GlobalSection(ExtensibilityGlobals) = postSolution
		SolutionGuid = {E71E30C9-82E8-4AEF-A0AE-562A62F8BA7B}
	EndGlobalSection
EndGlobal
