<?xml version="1.0" encoding="utf-8"?>
<Project ToolsVersion="4.0" xmlns="http://schemas.microsoft.com/developer/msbuild/2003">
  <ItemGroup>
    <Filter Include="Header Files">
      <UniqueIdentifier>{93995380-89BD-4b04-88EB-625FBE52EBFB}</UniqueIdentifier>
      <Extensions>h;hh;hpp;hxx;hm;inl;inc;ipp;xsd</Extensions>
    </Filter>
    <Filter Include="Source Files">
      <UniqueIdentifier>{4FC737F1-C7A5-4376-A066-2A32D752A2FF}</UniqueIdentifier>
      <Extensions>cpp;c;cc;cxx;def;odl;idl;hpj;bat;asm;asmx</Extensions>
    </Filter>
    <Filter Include="Resource Files">
      <UniqueIdentifier>{67DA6AB6-F800-4c08-8B7A-83BB121AAD01}</UniqueIdentifier>
      <Extensions>rc;ico;cur;bmp;dlg;rc2;rct;bin;rgs;gif;jpg;jpeg;jpe;resx;tiff;tif;png;wav;mfcribbon-ms</Extensions>
    </Filter>
    <Filter Include="Header Files\machines">
      <UniqueIdentifier>{03bd3751-8902-47dd-b4bf-348095c4aad7}</UniqueIdentifier>
    </Filter>
  </ItemGroup>
  <ItemGroup>
    <None Include="packages.config" />
    <None Include="bios.lua">
      <Filter>Resource Files</Filter>
    </None>
    <None Include="event_test_bios.lua">
      <Filter>Resource Files</Filter>
    </None>
    <None Include="monitor_test_bios.lua">
      <Filter>Resource Files</Filter>
    </None>
  </ItemGroup>
  <ItemGroup>
    <ClCompile Include="main.cpp">
      <Filter>Source Files</Filter>
    </ClCompile>
    <ClCompile Include="machine.cpp">
      <Filter>Source Files</Filter>
    </ClCompile>
    <ClCompile Include="UID.cpp">
      <Filter>Source Files</Filter>
    </ClCompile>
    <ClCompile Include="gui.cpp">
      <Filter>Source Files</Filter>
    </ClCompile>
    <ClCompile Include="processing_unit.cpp">
      <Filter>Source Files</Filter>
    </ClCompile>
    <ClCompile Include="network.cpp">
      <Filter>Source Files</Filter>
    </ClCompile>
    <ClCompile Include="LED.cpp">
      <Filter>Source Files</Filter>
    </ClCompile>
    <ClCompile Include="button.cpp">
      <Filter>Source Files</Filter>
    </ClCompile>
    <ClCompile Include="ptm_monitor.cpp">
      <Filter>Source Files</Filter>
    </ClCompile>
  </ItemGroup>
  <ItemGroup>
    <ClInclude Include="UID.h">
      <Filter>Header Files</Filter>
    </ClInclude>
    <ClInclude Include="diskreader.h">
      <Filter>Header Files</Filter>
    </ClInclude>
    <ClInclude Include="gui.h">
      <Filter>Header Files</Filter>
    </ClInclude>
    <ClInclude Include="hostdata.h">
      <Filter>Header Files</Filter>
    </ClInclude>
    <ClInclude Include="machine_list.h">
      <Filter>Header Files</Filter>
    </ClInclude>
    <ClInclude Include="luainterface.h">
      <Filter>Header Files</Filter>
    </ClInclude>
    <ClInclude Include="sol.hpp">
      <Filter>Header Files</Filter>
    </ClInclude>
    <ClInclude Include="forward.hpp">
      <Filter>Header Files</Filter>
    </ClInclude>
    <ClInclude Include="observable.h">
      <Filter>Header Files</Filter>
    </ClInclude>
    <ClInclude Include="network.h">
      <Filter>Header Files</Filter>
    </ClInclude>
    <ClInclude Include="machine.h">
      <Filter>Header Files\machines</Filter>
    </ClInclude>
    <ClInclude Include="processing_unit.h">
      <Filter>Header Files\machines</Filter>
    </ClInclude>
    <ClInclude Include="keyboard.h">
      <Filter>Header Files\machines</Filter>
    </ClInclude>
    <ClInclude Include="button.h">
      <Filter>Header Files\machines</Filter>
    </ClInclude>
    <ClInclude Include="LED.h">
      <Filter>Header Files\machines</Filter>
    </ClInclude>
    <ClInclude Include="state_machine.h">
      <Filter>Header Files\machines</Filter>
    </ClInclude>
    <ClInclude Include="all_machines.h">
      <Filter>Header Files\machines</Filter>
    </ClInclude>
    <ClInclude Include="ptm_monitor.h">
      <Filter>Header Files\machines</Filter>
    </ClInclude>
  </ItemGroup>
</Project>